// !$*UTF8*$!
{
	archiveVersion = 1;
	classes = {
	};
	objectVersion = 48;
	objects = {

/* Begin PBXBuildFile section */
		A54A3260201A3B41003E2333 /* CarsTableHeader.swift in Sources */ = {isa = PBXBuildFile; fileRef = A54A325F201A3B41003E2333 /* CarsTableHeader.swift */; };
		A54A3264201A42EA003E2333 /* view.xib in Resources */ = {isa = PBXBuildFile; fileRef = A54A3263201A42EA003E2333 /* view.xib */; };
		A593AEEB20188BE3002CAF6E /* AppDelegate.swift in Sources */ = {isa = PBXBuildFile; fileRef = A593AEEA20188BE3002CAF6E /* AppDelegate.swift */; };
		A593AEED20188BE3002CAF6E /* ViewController.swift in Sources */ = {isa = PBXBuildFile; fileRef = A593AEEC20188BE3002CAF6E /* ViewController.swift */; };
		A593AEF020188BE3002CAF6E /* Main.storyboard in Resources */ = {isa = PBXBuildFile; fileRef = A593AEEE20188BE3002CAF6E /* Main.storyboard */; };
		A593AEF220188BE3002CAF6E /* Assets.xcassets in Resources */ = {isa = PBXBuildFile; fileRef = A593AEF120188BE3002CAF6E /* Assets.xcassets */; };
		A593AEF520188BE3002CAF6E /* LaunchScreen.storyboard in Resources */ = {isa = PBXBuildFile; fileRef = A593AEF320188BE3002CAF6E /* LaunchScreen.storyboard */; };
		A593AEFD20188C33002CAF6E /* Cell.swift in Sources */ = {isa = PBXBuildFile; fileRef = A593AEFC20188C33002CAF6E /* Cell.swift */; };
/* End PBXBuildFile section */

/* Begin PBXFileReference section */
		A54A325F201A3B41003E2333 /* CarsTableHeader.swift */ = {isa = PBXFileReference; lastKnownFileType = sourcecode.swift; path = CarsTableHeader.swift; sourceTree = "<group>"; };
		A54A3263201A42EA003E2333 /* view.xib */ = {isa = PBXFileReference; lastKnownFileType = file.xib; path = view.xib; sourceTree = "<group>"; };
		A593AEE720188BE3002CAF6E /* MovingCells.app */ = {isa = PBXFileReference; explicitFileType = wrapper.application; includeInIndex = 0; path = MovingCells.app; sourceTree = BUILT_PRODUCTS_DIR; };
		A593AEEA20188BE3002CAF6E /* AppDelegate.swift */ = {isa = PBXFileReference; lastKnownFileType = sourcecode.swift; path = AppDelegate.swift; sourceTree = "<group>"; };
		A593AEEC20188BE3002CAF6E /* ViewController.swift */ = {isa = PBXFileReference; lastKnownFileType = sourcecode.swift; path = ViewController.swift; sourceTree = "<group>"; };
		A593AEEF20188BE3002CAF6E /* Base */ = {isa = PBXFileReference; lastKnownFileType = file.storyboard; name = Base; path = Base.lproj/Main.storyboard; sourceTree = "<group>"; };
		A593AEF120188BE3002CAF6E /* Assets.xcassets */ = {isa = PBXFileReference; lastKnownFileType = folder.assetcatalog; path = Assets.xcassets; sourceTree = "<group>"; };
		A593AEF420188BE3002CAF6E /* Base */ = {isa = PBXFileReference; lastKnownFileType = file.storyboard; name = Base; path = Base.lproj/LaunchScreen.storyboard; sourceTree = "<group>"; };
		A593AEF620188BE3002CAF6E /* Info.plist */ = {isa = PBXFileReference; lastKnownFileType = text.plist.xml; path = Info.plist; sourceTree = "<group>"; };
		A593AEFC20188C33002CAF6E /* Cell.swift */ = {isa = PBXFileReference; lastKnownFileType = sourcecode.swift; path = Cell.swift; sourceTree = "<group>"; };
/* End PBXFileReference section */

/* Begin PBXFrameworksBuildPhase section */
		A593AEE420188BE3002CAF6E /* Frameworks */ = {
			isa = PBXFrameworksBuildPhase;
			buildActionMask = 2147483647;
			files = (
			);
			runOnlyForDeploymentPostprocessing = 0;
		};
/* End PBXFrameworksBuildPhase section */

/* Begin PBXGroup section */
		A593AEDE20188BE3002CAF6E = {
			isa = PBXGroup;
			children = (
				A593AEE920188BE3002CAF6E /* MovingCells */,
				A593AEE820188BE3002CAF6E /* Products */,
			);
			sourceTree = "<group>";
		};
		A593AEE820188BE3002CAF6E /* Products */ = {
			isa = PBXGroup;
			children = (
				A593AEE720188BE3002CAF6E /* MovingCells.app */,
			);
			name = Products;
			sourceTree = "<group>";
		};
		A593AEE920188BE3002CAF6E /* MovingCells */ = {
			isa = PBXGroup;
			children = (
				A593AEEA20188BE3002CAF6E /* AppDelegate.swift */,
				A593AEEC20188BE3002CAF6E /* ViewController.swift */,
				A593AEEE20188BE3002CAF6E /* Main.storyboard */,
				A593AEF120188BE3002CAF6E /* Assets.xcassets */,
				A593AEF320188BE3002CAF6E /* LaunchScreen.storyboard */,
				A593AEF620188BE3002CAF6E /* Info.plist */,
				A593AEFC20188C33002CAF6E /* Cell.swift */,
				A54A325F201A3B41003E2333 /* CarsTableHeader.swift */,
				A54A3263201A42EA003E2333 /* view.xib */,
			);
			path = MovingCells;
			sourceTree = "<group>";
		};
/* End PBXGroup section */

/* Begin PBXNativeTarget section */
		A593AEE620188BE3002CAF6E /* MovingCells */ = {
			isa = PBXNativeTarget;
			buildConfigurationList = A593AEF920188BE3002CAF6E /* Build configuration list for PBXNativeTarget "MovingCells" */;
			buildPhases = (
				A593AEE320188BE3002CAF6E /* Sources */,
				A593AEE420188BE3002CAF6E /* Frameworks */,
				A593AEE520188BE3002CAF6E /* Resources */,
			);
			buildRules = (
			);
			dependencies = (
			);
			name = MovingCells;
			productName = MovingCells;
			productReference = A593AEE720188BE3002CAF6E /* MovingCells.app */;
			productType = "com.apple.product-type.application";
		};
/* End PBXNativeTarget section */

/* Begin PBXProject section */
		A593AEDF20188BE3002CAF6E /* Project object */ = {
			isa = PBXProject;
			attributes = {
				LastSwiftUpdateCheck = 0920;
				LastUpgradeCheck = 0920;
				ORGANIZATIONNAME = "Захар";
				TargetAttributes = {
					A593AEE620188BE3002CAF6E = {
						CreatedOnToolsVersion = 9.2;
						ProvisioningStyle = Automatic;
					};
				};
			};
			buildConfigurationList = A593AEE220188BE3002CAF6E /* Build configuration list for PBXProject "MovingCells" */;
			compatibilityVersion = "Xcode 8.0";
			developmentRegion = en;
			hasScannedForEncodings = 0;
			knownRegions = (
				en,
				Base,
			);
			mainGroup = A593AEDE20188BE3002CAF6E;
			productRefGroup = A593AEE820188BE3002CAF6E /* Products */;
			projectDirPath = "";
			projectRoot = "";
			targets = (
				A593AEE620188BE3002CAF6E /* MovingCells */,
			);
		};
/* End PBXProject section */

/* Begin PBXResourcesBuildPhase section */
		A593AEE520188BE3002CAF6E /* Resources */ = {
			isa = PBXResourcesBuildPhase;
			buildActionMask = 2147483647;
			files = (
				A54A3264201A42EA003E2333 /* view.xib in Resources */,
				A593AEF520188BE3002CAF6E /* LaunchScreen.storyboard in Resources */,
				A593AEF220188BE3002CAF6E /* Assets.xcassets in Resources */,
				A593AEF020188BE3002CAF6E /* Main.storyboard in Resources */,
			);
			runOnlyForDeploymentPostprocessing = 0;
		};
/* End PBXResourcesBuildPhase section */

/* Begin PBXSourcesBuildPhase section */
		A593AEE320188BE3002CAF6E /* Sources */ = {
			isa = PBXSourcesBuildPhase;
			buildActionMask = 2147483647;
			files = (
				A593AEED20188BE3002CAF6E /* ViewController.swift in Sources */,
				A593AEEB20188BE3002CAF6E /* AppDelegate.swift in Sources */,
				A54A3260201A3B41003E2333 /* CarsTableHeader.swift in Sources */,
				A593AEFD20188C33002CAF6E /* Cell.swift in Sources */,
			);
			runOnlyForDeploymentPostprocessing = 0;
		};
/* End PBXSourcesBuildPhase section */

/* Begin PBXVariantGroup section */
		A593AEEE20188BE3002CAF6E /* Main.storyboard */ = {
			isa = PBXVariantGroup;
			children = (
				A593AEEF20188BE3002CAF6E /* Base */,
			);
			name = Main.storyboard;
			sourceTree = "<group>";
		};
		A593AEF320188BE3002CAF6E /* LaunchScreen.storyboard */ = {
			isa = PBXVariantGroup;
			children = (
				A593AEF420188BE3002CAF6E /* Base */,
			);
			name = LaunchScreen.storyboard;
			sourceTree = "<group>";
		};
/* End PBXVariantGroup section */

/* Begin XCBuildConfiguration section */
		A593AEF720188BE3002CAF6E /* Debug */ = {
			isa = XCBuildConfiguration;
			buildSettings = {
				ALWAYS_SEARCH_USER_PATHS = NO;
				CLANG_ANALYZER_NONNULL = YES;
				CLANG_ANALYZER_NUMBER_OBJECT_CONVERSION = YES_AGGRESSIVE;
				CLANG_CXX_LANGUAGE_STANDARD = "gnu++14";
				CLANG_CXX_LIBRARY = "libc++";
				CLANG_ENABLE_MODULES = YES;
				CLANG_ENABLE_OBJC_ARC = YES;
				CLANG_WARN_BLOCK_CAPTURE_AUTORELEASING = YES;
				CLANG_WARN_BOOL_CONVERSION = YES;
				CLANG_WARN_COMMA = YES;
				CLANG_WARN_CONSTANT_CONVERSION = YES;
				CLANG_WARN_DIRECT_OBJC_ISA_USAGE = YES_ERROR;
				CLANG_WARN_DOCUMENTATION_COMMENTS = YES;
				CLANG_WARN_EMPTY_BODY = YES;
				CLANG_WARN_ENUM_CONVERSION = YES;
				CLANG_WARN_INFINITE_RECURSION = YES;
				CLANG_WARN_INT_CONVERSION = YES;
				CLANG_WARN_NON_LITERAL_NULL_CONVERSION = YES;
				CLANG_WARN_OBJC_LITERAL_CONVERSION = YES;
				CLANG_WARN_OBJC_ROOT_CLASS = YES_ERROR;
				CLANG_WARN_RANGE_LOOP_ANALYSIS = YES;
				CLANG_WARN_STRICT_PROTOTYPES = YES;
				CLANG_WARN_SUSPICIOUS_MOVE = YES;
				CLANG_WARN_UNGUARDED_AVAILABILITY = YES_AGGRESSIVE;
				CLANG_WARN_UNREACHABLE_CODE = YES;
				CLANG_WARN__DUPLICATE_METHOD_MATCH = YES;
				CODE_SIGN_IDENTITY = "iPhone Developer";
				COPY_PHASE_STRIP = NO;
				DEBUG_INFORMATION_FORMAT = dwarf;
				ENABLE_STRICT_OBJC_MSGSEND = YES;
				ENABLE_TESTABILITY = YES;
				GCC_C_LANGUAGE_STANDARD = gnu11;
				GCC_DYNAMIC_NO_PIC = NO;
				GCC_NO_COMMON_BLOCKS = YES;
				GCC_OPTIMIZATION_LEVEL = 0;
				GCC_PREPROCESSOR_DEFINITIONS = (
					"DEBUG=1",
					"$(inherited)",
				);
				GCC_WARN_64_TO_32_BIT_CONVERSION = YES;
				GCC_WARN_ABOUT_RETURN_TYPE = YES_ERROR;
				GCC_WARN_UNDECLARED_SELECTOR = YES;
				GCC_WARN_UNINITIALIZED_AUTOS = YES_AGGRESSIVE;
				GCC_WARN_UNUSED_FUNCTION = YES;
				GCC_WARN_UNUSED_VARIABLE = YES;
				IPHONEOS_DEPLOYMENT_TARGET = 11.2;
				MTL_ENABLE_DEBUG_INFO = YES;
				ONLY_ACTIVE_ARCH = YES;
				SDKROOT = iphoneos;
				SWIFT_ACTIVE_COMPILATION_CONDITIONS = DEBUG;
				SWIFT_OPTIMIZATION_LEVEL = "-Onone";
			};
			name = Debug;
		};
		A593AEF820188BE3002CAF6E /* Release */ = {
			isa = XCBuildConfiguration;
			buildSettings = {
				ALWAYS_SEARCH_USER_PATHS = NO;
				CLANG_ANALYZER_NONNULL = YES;
				CLANG_ANALYZER_NUMBER_OBJECT_CONVERSION = YES_AGGRESSIVE;
				CLANG_CXX_LANGUAGE_STANDARD = "gnu++14";
				CLANG_CXX_LIBRARY = "libc++";
				CLANG_ENABLE_MODULES = YES;
				CLANG_ENABLE_OBJC_ARC = YES;
				CLANG_WARN_BLOCK_CAPTURE_AUTORELEASING = YES;
				CLANG_WARN_BOOL_CONVERSION = YES;
				CLANG_WARN_COMMA = YES;
				CLANG_WARN_CONSTANT_CONVERSION = YES;
				CLANG_WARN_DIRECT_OBJC_ISA_USAGE = YES_ERROR;
				CLANG_WARN_DOCUMENTATION_COMMENTS = YES;
				CLANG_WARN_EMPTY_BODY = YES;
				CLANG_WARN_ENUM_CONVERSION = YES;
				CLANG_WARN_INFINITE_RECURSION = YES;
				CLANG_WARN_INT_CONVERSION = YES;
				CLANG_WARN_NON_LITERAL_NULL_CONVERSION = YES;
				CLANG_WARN_OBJC_LITERAL_CONVERSION = YES;
				CLANG_WARN_OBJC_ROOT_CLASS = YES_ERROR;
				CLANG_WARN_RANGE_LOOP_ANALYSIS = YES;
				CLANG_WARN_STRICT_PROTOTYPES = YES;
				CLANG_WARN_SUSPICIOUS_MOVE = YES;
				CLANG_WARN_UNGUARDED_AVAILABILITY = YES_AGGRESSIVE;
				CLANG_WARN_UNREACHABLE_CODE = YES;
				CLANG_WARN__DUPLICATE_METHOD_MATCH = YES;
				CODE_SIGN_IDENTITY = "iPhone Developer";
				COPY_PHASE_STRIP = NO;
				DEBUG_INFORMATION_FORMAT = "dwarf-with-dsym";
				ENABLE_NS_ASSERTIONS = NO;
				ENABLE_STRICT_OBJC_MSGSEND = YES;
				GCC_C_LANGUAGE_STANDARD = gnu11;
				GCC_NO_COMMON_BLOCKS = YES;
				GCC_WARN_64_TO_32_BIT_CONVERSION = YES;
				GCC_WARN_ABOUT_RETURN_TYPE = YES_ERROR;
				GCC_WARN_UNDECLARED_SELECTOR = YES;
				GCC_WARN_UNINITIALIZED_AUTOS = YES_AGGRESSIVE;
				GCC_WARN_UNUSED_FUNCTION = YES;
				GCC_WARN_UNUSED_VARIABLE = YES;
				IPHONEOS_DEPLOYMENT_TARGET = 11.2;
				MTL_ENABLE_DEBUG_INFO = NO;
				SDKROOT = iphoneos;
				SWIFT_OPTIMIZATION_LEVEL = "-Owholemodule";
				VALIDATE_PRODUCT = YES;
			};
			name = Release;
		};
		A593AEFA20188BE3002CAF6E /* Debug */ = {
			isa = XCBuildConfiguration;
			buildSettings = {
				ASSETCATALOG_COMPILER_APPICON_NAME = AppIcon;
				CODE_SIGN_STYLE = Automatic;
				DEVELOPMENT_TEAM = E7AZW33UG9;
				INFOPLIST_FILE = MovingCells/Info.plist;
				LD_RUNPATH_SEARCH_PATHS = "$(inherited) @executable_path/Frameworks";
				PRODUCT_BUNDLE_IDENTIFIER = com.Zakhar.MovingCells;
				PRODUCT_NAME = "$(TARGET_NAME)";
				SWIFT_VERSION = 4.0;
				TARGETED_DEVICE_FAMILY = "1,2";
			};
			name = Debug;
		};
		A593AEFB20188BE3002CAF6E /* Release */ = {
			isa = XCBuildConfiguration;
			buildSettings = {
				ASSETCATALOG_COMPILER_APPICON_NAME = AppIcon;
				CODE_SIGN_STYLE = Automatic;
				DEVELOPMENT_TEAM = E7AZW33UG9;
				INFOPLIST_FILE = MovingCells/Info.plist;
				LD_RUNPATH_SEARCH_PATHS = "$(inherited) @executable_path/Frameworks";
				PRODUCT_BUNDLE_IDENTIFIER = com.Zakhar.MovingCells;
				PRODUCT_NAME = "$(TARGET_NAME)";
				SWIFT_VERSION = 4.0;
				TARGETED_DEVICE_FAMILY = "1,2";
			};
			name = Release;
		};
/* End XCBuildConfiguration section */

/* Begin XCConfigurationList section */
		A593AEE220188BE3002CAF6E /* Build configuration list for PBXProject "MovingCells" */ = {
			isa = XCConfigurationList;
			buildConfigurations = (
				A593AEF720188BE3002CAF6E /* Debug */,
				A593AEF820188BE3002CAF6E /* Release */,
			);
			defaultConfigurationIsVisible = 0;
			defaultConfigurationName = Release;
		};
		A593AEF920188BE3002CAF6E /* Build configuration list for PBXNativeTarget "MovingCells" */ = {
			isa = XCConfigurationList;
			buildConfigurations = (
				A593AEFA20188BE3002CAF6E /* Debug */,
				A593AEFB20188BE3002CAF6E /* Release */,
			);
			defaultConfigurationIsVisible = 0;
			defaultConfigurationName = Release;
		};
/* End XCConfigurationList section */
	};
	rootObject = A593AEDF20188BE3002CAF6E /* Project object */;
}
